github.com/echlebek/diff v0.1.2 h1:uOwIi//3+xiUI+oUbTqHFpEuKLyKgXvy3RW1SzVylGY=
github.com/echlebek/diff v0.1.2/go.mod h1:kxb9+UuyXWCRghavNl5+NQsoJaiMd9RVKAWT2TvRmLk=
github.com/echlebek/glob v0.1.0 h1:S95zUrVOJQyvdG/uZMdnCJlmcph6FSpCPxlL8x5rJ7Q=
github.com/echlebek/glob v0.1.0/go.mod h1:r+ns7+C+P1uHF+ECES9CW+gk+g/EERP8oHWmn6CH8Vc=
